
Microsoft Visual Studio Solution File, Format Version 12.00
# Visual Studio Version 17
VisualStudioVersion = 17.5.002.0
MinimumVisualStudioVersion = 10.0.40219.1
Project("{9A19103F-16F7-4668-BE54-9A1E7A4F7556}") = "Scholls", "Scholls.csproj", "{8E5CCB19-BF30-4D0A-8534-44CF69793F06}"
EndProject
Global
	GlobalSection(SolutionConfigurationPlatforms) = preSolution
		Debug|Any CPU = Debug|Any CPU
		Release|Any CPU = Release|Any CPU
	EndGlobalSection
	GlobalSection(ProjectConfigurationPlatforms) = postSolution
		{8E5CCB19-BF30-4D0A-8534-44CF69793F06}.Debug|Any CPU.ActiveCfg = Debug|Any CPU
		{8E5CCB19-BF30-4D0A-8534-44CF69793F06}.Debug|Any CPU.Build.0 = Debug|Any CPU
		{8E5CCB19-BF30-4D0A-8534-44CF69793F06}.Release|Any CPU.ActiveCfg = Release|Any CPU
		{8E5CCB19-BF30-4D0A-8534-44CF69793F06}.Release|Any CPU.Build.0 = Release|Any CPU
	EndGlobalSection
	GlobalSection(SolutionProperties) = preSolution
		HideSolutionNode = FALSE
	EndGlobalSection
	GlobalSection(ExtensibilityGlobals) = postSolution
		SolutionGuid = {EFCFD98E-C500-403C-8CCB-EE6CCD8E6193}
	EndGlobalSection
EndGlobal
